schema: '2.0'
stages:
  load:
    cmd: "poetry run python -m mlops_power_tetouan.pipelines.run_load --input data/raw/power_tetouan_city_modified.csv
      \\--output data/interim/power_tetouan_city_loaded.csv\n"
    deps:
    - path: data/raw/power_tetouan_city_modified.csv
      hash: md5
      md5: b86ef39f691bde959e50ca714aa1bcb5
      size: 4510965
      isexec: true
    - path: mlops_power_tetouan/dataset.py
      hash: md5
      md5: ba90aafcdc8da3ef6f8a12ff6c54dc16
      size: 2990
      isexec: true
    - path: mlops_power_tetouan/pipelines/run_load.py
      hash: md5
      md5: bd1bf68c5913f6fbbb5a9a5194a1f3c4
      size: 571
      isexec: true
    outs:
    - path: data/interim/power_tetouan_city_loaded.csv
      hash: md5
      md5: 62d08923ca460392de12d278c5495661
      size: 4508058
      isexec: true
  cleaning:
    cmd: "poetry run python -m mlops_power_tetouan.pipelines.run_cleaning --input
      data/interim/power_tetouan_city_loaded.csv \\--output data/interim/power_tetouan_city_modified_clean.csv\n"
    deps:
    - path: data/interim/power_tetouan_city_loaded.csv
      hash: md5
      md5: 62d08923ca460392de12d278c5495661
      size: 4508058
      isexec: true
    - path: mlops_power_tetouan/features/data_cleaner.py
      hash: md5
      md5: 8b4bb01986808e4eda73c7b618130b8a
      size: 5234
      isexec: true
    - path: mlops_power_tetouan/pipelines/run_cleaning.py
      hash: md5
      md5: 6e297a7291fd6baedc7be179b4f4693d
      size: 692
      isexec: true
    outs:
    - path: data/interim/power_tetouan_city_modified_clean.csv
      hash: md5
      md5: 5e0b53ea9dc2b708be5d0ff906244c53
      size: 4698125
      isexec: true
  preprocess:
    cmd: "poetry run python -m mlops_power_tetouan.pipelines.preprocess_n_save --input
      data/interim/power_tetouan_city_modified_clean.csv --output data/processed/scaled.csv
      --pipeline_path models/feature_pipeline.pkl --scaler_path models/scaler.pkl\n"
    deps:
    - path: data/interim/power_tetouan_city_modified_clean.csv
      hash: md5
      md5: 5e0b53ea9dc2b708be5d0ff906244c53
      size: 4698125
      isexec: true
    - path: mlops_power_tetouan/features/feature_engineer.py
      hash: md5
      md5: 2b21186dd6c179a6504475422c964f70
      size: 5352
      isexec: true
    - path: mlops_power_tetouan/pipelines/preprocess_n_save.py
      hash: md5
      md5: 09ec26c1060b1f21aab1153f7269f85f
      size: 2041
      isexec: true
    outs:
    - path: data/processed/scaled.csv
      hash: md5
      md5: f99a86ba9b5c6675e80b199b62de1923
      size: 13049775
      isexec: true
    - path: models/feature_pipeline.pkl
      hash: md5
      md5: 9a3f26fd77ebd81b7d15ebbecd127791
      size: 3610
      isexec: true
    - path: models/scaler.pkl
      hash: md5
      md5: 34fc8021a751cdd9710f377a9045f193
      size: 663
      isexec: true
  modeling:
    cmd: "poetry run python -m mlops_power_tetouan.pipelines.run_modeling\n"
    deps:
    - path: data/processed/scaled.csv
      hash: md5
      md5: f99a86ba9b5c6675e80b199b62de1923
      size: 13049775
      isexec: true
    - path: mlops_power_tetouan/modeling/modeling.py
      hash: md5
      md5: 9265795d60e0253ec794caa9966d307b
      size: 6516
      isexec: true
    - path: mlops_power_tetouan/pipelines/run_modeling.py
      hash: md5
      md5: 64db61d51b9c547c82d4001ee2be99ed
      size: 96
      isexec: true
    outs:
    - path: models/zone1_best_model.pkl
      hash: md5
      md5: f89ffd9d0276904e8539383deed9ae6b
      size: 230432879
      isexec: true
    - path: models/zone1_metrics.json
      hash: md5
      md5: 137c1ce679fdea76d4a129ccd8ccca66
      size: 123
      isexec: true
    - path: models/zone2_best_model.pkl
      hash: md5
      md5: a493438888a06dba7535d2bbf22efd63
      size: 565499135
      isexec: true
    - path: models/zone2_metrics.json
      hash: md5
      md5: c1b327ba0dd3b5186b655af187514881
      size: 124
      isexec: true
    - path: models/zone3_best_model.pkl
      hash: md5
      md5: b849bee8a6e6052aad0bbfbd5cf62edb
      size: 230037167
      isexec: true
    - path: models/zone3_metrics.json
      hash: md5
      md5: 51b90808979561a79e1a085eb18c5f6a
      size: 123
      isexec: true
